PODS:
  - FlutterMacOS (1.0.0)
  - realm (1.6.1):
    - FlutterMacOS

DEPENDENCIES:
  - FlutterMacOS (from `Flutter/ephemeral`)
  - realm (from `Flutter/ephemeral/.symlinks/plugins/realm/macos`)

EXTERNAL SOURCES:
  FlutterMacOS:
    :path: Flutter/ephemeral
  realm:
    :path: Flutter/ephemeral/.symlinks/plugins/realm/macos

SPEC CHECKSUMS:
  FlutterMacOS: 8f6f14fa908a6fb3fba0cd85dbd81ec4b251fb24
  realm: 6c9397cb69daea6e9ccdf4325fb06ef4ea9c9a9a

PODFILE CHECKSUM: 236401fc2c932af29a9fcf0e97baeeb2d750d367

COCOAPODS: 1.11.3
